
Microsoft Visual Studio Solution File, Format Version 12.00
# Visual Studio 2015
Project("{FAE04EC0-301F-11D3-BF4B-00C04F79EFBC}") = "GGO2016", "GGO2016.csproj", "{44BAF5E7-D80D-BBF4-D20B-2586B17DCE7A}"
EndProject
Project("{FAE04EC0-301F-11D3-BF4B-00C04F79EFBC}") = "GGO2016.Editor", "GGO2016.Editor.csproj", "{978959DA-FDCF-DFDC-F2DE-46B510B1CCBD}"
EndProject
Project("{FAE04EC0-301F-11D3-BF4B-00C04F79EFBC}") = "GGO2016.Domain", "..\GGO2016.Domain\GGO2016.Domain.csproj", "{F9E08C74-4758-4E20-B65B-9F0B0C7E26C2}"
EndProject
Global
	GlobalSection(SolutionConfigurationPlatforms) = preSolution
		Debug|Any CPU = Debug|Any CPU
		Release|Any CPU = Release|Any CPU
	EndGlobalSection
	GlobalSection(ProjectConfigurationPlatforms) = postSolution
		{44BAF5E7-D80D-BBF4-D20B-2586B17DCE7A}.Debug|Any CPU.ActiveCfg = Debug|Any CPU
		{44BAF5E7-D80D-BBF4-D20B-2586B17DCE7A}.Debug|Any CPU.Build.0 = Debug|Any CPU
		{44BAF5E7-D80D-BBF4-D20B-2586B17DCE7A}.Release|Any CPU.ActiveCfg = Release|Any CPU
		{44BAF5E7-D80D-BBF4-D20B-2586B17DCE7A}.Release|Any CPU.Build.0 = Release|Any CPU
		{978959DA-FDCF-DFDC-F2DE-46B510B1CCBD}.Debug|Any CPU.ActiveCfg = Debug|Any CPU
		{978959DA-FDCF-DFDC-F2DE-46B510B1CCBD}.Debug|Any CPU.Build.0 = Debug|Any CPU
		{978959DA-FDCF-DFDC-F2DE-46B510B1CCBD}.Release|Any CPU.ActiveCfg = Release|Any CPU
		{978959DA-FDCF-DFDC-F2DE-46B510B1CCBD}.Release|Any CPU.Build.0 = Release|Any CPU
		{F9E08C74-4758-4E20-B65B-9F0B0C7E26C2}.Debug|Any CPU.ActiveCfg = Debug|Any CPU
		{F9E08C74-4758-4E20-B65B-9F0B0C7E26C2}.Debug|Any CPU.Build.0 = Debug|Any CPU
		{F9E08C74-4758-4E20-B65B-9F0B0C7E26C2}.Release|Any CPU.ActiveCfg = Release|Any CPU
		{F9E08C74-4758-4E20-B65B-9F0B0C7E26C2}.Release|Any CPU.Build.0 = Release|Any CPU
	EndGlobalSection
	GlobalSection(SolutionProperties) = preSolution
		HideSolutionNode = FALSE
	EndGlobalSection
EndGlobal
