
Microsoft Visual Studio Solution File, Format Version 12.00
# Visual Studio 2015
Project("{FAE04EC0-301F-11D3-BF4B-00C04F79EFBC}") = "GGO2016.CSharp", "GGO2016.CSharp.csproj", "{5D8AFAD9-7459-2B46-8F6D-4AF5BFB40C9A}"
EndProject
Project("{FAE04EC0-301F-11D3-BF4B-00C04F79EFBC}") = "GGO2016.CSharp.Editor", "GGO2016.CSharp.Editor.csproj", "{C56BD864-EDC8-0F91-1F5D-9C121A8D71C4}"
EndProject
Project("{FAE04EC0-301F-11D3-BF4B-00C04F79EFBC}") = "GGO2016.Domain", "..\GGO2016.Domain\GGO2016.Domain.csproj", "{F9E08C74-4758-4E20-B65B-9F0B0C7E26C2}"
EndProject
Global
	GlobalSection(SolutionConfigurationPlatforms) = preSolution
		Debug|Any CPU = Debug|Any CPU
		Release|Any CPU = Release|Any CPU
	EndGlobalSection
	GlobalSection(ProjectConfigurationPlatforms) = postSolution
		{5D8AFAD9-7459-2B46-8F6D-4AF5BFB40C9A}.Debug|Any CPU.ActiveCfg = Debug|Any CPU
		{5D8AFAD9-7459-2B46-8F6D-4AF5BFB40C9A}.Debug|Any CPU.Build.0 = Debug|Any CPU
		{5D8AFAD9-7459-2B46-8F6D-4AF5BFB40C9A}.Release|Any CPU.ActiveCfg = Release|Any CPU
		{5D8AFAD9-7459-2B46-8F6D-4AF5BFB40C9A}.Release|Any CPU.Build.0 = Release|Any CPU
		{C56BD864-EDC8-0F91-1F5D-9C121A8D71C4}.Debug|Any CPU.ActiveCfg = Debug|Any CPU
		{C56BD864-EDC8-0F91-1F5D-9C121A8D71C4}.Debug|Any CPU.Build.0 = Debug|Any CPU
		{C56BD864-EDC8-0F91-1F5D-9C121A8D71C4}.Release|Any CPU.ActiveCfg = Release|Any CPU
		{C56BD864-EDC8-0F91-1F5D-9C121A8D71C4}.Release|Any CPU.Build.0 = Release|Any CPU
		{F9E08C74-4758-4E20-B65B-9F0B0C7E26C2}.Debug|Any CPU.ActiveCfg = Debug|Any CPU
		{F9E08C74-4758-4E20-B65B-9F0B0C7E26C2}.Debug|Any CPU.Build.0 = Debug|Any CPU
		{F9E08C74-4758-4E20-B65B-9F0B0C7E26C2}.Release|Any CPU.ActiveCfg = Release|Any CPU
		{F9E08C74-4758-4E20-B65B-9F0B0C7E26C2}.Release|Any CPU.Build.0 = Release|Any CPU
	EndGlobalSection
	GlobalSection(SolutionProperties) = preSolution
		HideSolutionNode = FALSE
	EndGlobalSection
EndGlobal
